
Microsoft Visual Studio Solution File, Format Version 12.00
# Visual Studio Version 17
VisualStudioVersion = 17.5.33414.496
MinimumVisualStudioVersion = 10.0.40219.1
Project("{FAE04EC0-301F-11D3-BF4B-00C04F79EFBC}") = "CriandoMinhaAutenticacao", "CriandoMinhaAutenticacao.csproj", "{FAAEDFEC-9740-4A3D-9C0A-DA2E01403BB4}"
EndProject
Global
	GlobalSection(SolutionConfigurationPlatforms) = preSolution
		Debug|Any CPU = Debug|Any CPU
		Release|Any CPU = Release|Any CPU
	EndGlobalSection
	GlobalSection(ProjectConfigurationPlatforms) = postSolution
		{FAAEDFEC-9740-4A3D-9C0A-DA2E01403BB4}.Debug|Any CPU.ActiveCfg = Debug|Any CPU
		{FAAEDFEC-9740-4A3D-9C0A-DA2E01403BB4}.Debug|Any CPU.Build.0 = Debug|Any CPU
		{FAAEDFEC-9740-4A3D-9C0A-DA2E01403BB4}.Release|Any CPU.ActiveCfg = Release|Any CPU
		{FAAEDFEC-9740-4A3D-9C0A-DA2E01403BB4}.Release|Any CPU.Build.0 = Release|Any CPU
	EndGlobalSection
	GlobalSection(SolutionProperties) = preSolution
		HideSolutionNode = FALSE
	EndGlobalSection
	GlobalSection(ExtensibilityGlobals) = postSolution
		SolutionGuid = {10C92D26-3EB8-403E-8AD5-84840A7C4898}
	EndGlobalSection
EndGlobal
